PODS:
  - Masonry (1.1.0)
  - PoporFoundation/NSString (0.0.18):
    - PoporFoundation/PrefixOs
  - PoporFoundation/PrefixCore (0.0.18):
    - PoporFoundation/PrefixOs
  - PoporFoundation/PrefixOs (0.0.18)
  - PoporFoundation/ScreenCommonSize (0.0.18)
  - PoporQRCodeIos (0.0.5)
  - PoporUI/BlockView (0.0.11)
  - PoporUI/IToast (0.0.11):
    - PoporFoundation/NSString
  - PoporUI/Tool (0.0.11):
    - PoporFoundation/NSString
    - PoporUI/BlockView
    - PoporUI/IToast
  - PoporUI/UIImage (0.0.11)

DEPENDENCIES:
  - Masonry
  - PoporFoundation/PrefixCore
  - PoporFoundation/ScreenCommonSize
  - PoporQRCodeIos (from `../`)
  - PoporUI/Tool
  - PoporUI/UIImage

SPEC REPOS:
  https://github.com/cocoapods/specs.git:
    - Masonry
    - PoporFoundation
    - PoporUI

EXTERNAL SOURCES:
  PoporQRCodeIos:
    :path: "../"

SPEC CHECKSUMS:
  Masonry: 678fab65091a9290e40e2832a55e7ab731aad201
  PoporFoundation: 4328c1e0ae46dccec93c898b20a378354687d5ac
  PoporQRCodeIos: 34889d839c1e1722b1e8369c35ec0752d298c77f
  PoporUI: 49ed56a58096dbe900a6fb525221d50823cd7695

PODFILE CHECKSUM: e39db912058014899826023bad391291f6aa0b04

COCOAPODS: 1.5.3
